
Microsoft Visual Studio Solution File, Format Version 12.00
# Visual Studio Version 17
VisualStudioVersion = 17.6.33829.357
MinimumVisualStudioVersion = 10.0.40219.1
Project("{FAE04EC0-301F-11D3-BF4B-00C04F79EFBC}") = "Btvn_bai1", "Btvn_bai1\Btvn_bai1.csproj", "{23156669-D301-4F22-90C6-DED5DFD34819}"
EndProject
Global
	GlobalSection(SolutionConfigurationPlatforms) = preSolution
		Debug|Any CPU = Debug|Any CPU
		Release|Any CPU = Release|Any CPU
	EndGlobalSection
	GlobalSection(ProjectConfigurationPlatforms) = postSolution
		{23156669-D301-4F22-90C6-DED5DFD34819}.Debug|Any CPU.ActiveCfg = Debug|Any CPU
		{23156669-D301-4F22-90C6-DED5DFD34819}.Debug|Any CPU.Build.0 = Debug|Any CPU
		{23156669-D301-4F22-90C6-DED5DFD34819}.Release|Any CPU.ActiveCfg = Release|Any CPU
		{23156669-D301-4F22-90C6-DED5DFD34819}.Release|Any CPU.Build.0 = Release|Any CPU
	EndGlobalSection
	GlobalSection(SolutionProperties) = preSolution
		HideSolutionNode = FALSE
	EndGlobalSection
	GlobalSection(ExtensibilityGlobals) = postSolution
		SolutionGuid = {6E84CF24-D8F6-4A90-BB71-067CCD26292C}
	EndGlobalSection
EndGlobal
