
Microsoft Visual Studio Solution File, Format Version 12.00
# Visual Studio Version 17
VisualStudioVersion = 17.6.33829.357
MinimumVisualStudioVersion = 10.0.40219.1
Project("{FAE04EC0-301F-11D3-BF4B-00C04F79EFBC}") = "Btvn_bai4", "Btvn_bai4\Btvn_bai4.csproj", "{36DAF48A-98E8-4514-B4D6-B5397E1F5720}"
EndProject
Global
	GlobalSection(SolutionConfigurationPlatforms) = preSolution
		Debug|Any CPU = Debug|Any CPU
		Release|Any CPU = Release|Any CPU
	EndGlobalSection
	GlobalSection(ProjectConfigurationPlatforms) = postSolution
		{36DAF48A-98E8-4514-B4D6-B5397E1F5720}.Debug|Any CPU.ActiveCfg = Debug|Any CPU
		{36DAF48A-98E8-4514-B4D6-B5397E1F5720}.Debug|Any CPU.Build.0 = Debug|Any CPU
		{36DAF48A-98E8-4514-B4D6-B5397E1F5720}.Release|Any CPU.ActiveCfg = Release|Any CPU
		{36DAF48A-98E8-4514-B4D6-B5397E1F5720}.Release|Any CPU.Build.0 = Release|Any CPU
	EndGlobalSection
	GlobalSection(SolutionProperties) = preSolution
		HideSolutionNode = FALSE
	EndGlobalSection
	GlobalSection(ExtensibilityGlobals) = postSolution
		SolutionGuid = {E0CF900D-A28C-48A0-9CE1-B2380B9431D4}
	EndGlobalSection
EndGlobal
